
Microsoft Visual Studio Solution File, Format Version 12.00
# Visual Studio Version 17
VisualStudioVersion = 17.9.34607.119
MinimumVisualStudioVersion = 10.0.40219.1
Project("{FAE04EC0-301F-11D3-BF4B-00C04F79EFBC}") = "Portafolio", "Portafolio\Portafolio.csproj", "{67B884BE-BD39-41ED-95B7-C026FF1EA477}"
EndProject
Global
	GlobalSection(SolutionConfigurationPlatforms) = preSolution
		Debug|Any CPU = Debug|Any CPU
		Release|Any CPU = Release|Any CPU
	EndGlobalSection
	GlobalSection(ProjectConfigurationPlatforms) = postSolution
		{67B884BE-BD39-41ED-95B7-C026FF1EA477}.Debug|Any CPU.ActiveCfg = Debug|Any CPU
		{67B884BE-BD39-41ED-95B7-C026FF1EA477}.Debug|Any CPU.Build.0 = Debug|Any CPU
		{67B884BE-BD39-41ED-95B7-C026FF1EA477}.Release|Any CPU.ActiveCfg = Release|Any CPU
		{67B884BE-BD39-41ED-95B7-C026FF1EA477}.Release|Any CPU.Build.0 = Release|Any CPU
	EndGlobalSection
	GlobalSection(SolutionProperties) = preSolution
		HideSolutionNode = FALSE
	EndGlobalSection
	GlobalSection(ExtensibilityGlobals) = postSolution
		SolutionGuid = {987E4163-1B53-4A5F-BA62-15F1C48A65F1}
	EndGlobalSection
EndGlobal
